
Microsoft Visual Studio Solution File, Format Version 12.00
# Visual Studio Version 17
VisualStudioVersion = 17.5.33424.131
MinimumVisualStudioVersion = 10.0.40219.1
Project("{FAE04EC0-301F-11D3-BF4B-00C04F79EFBC}") = "CleanArchMVC.Domain", "CleanArchMVC.Domain\CleanArchMVC.Domain.csproj", "{5F6BB2D6-77EA-48C2-A87E-93D3B3FAC046}"
EndProject
Project("{FAE04EC0-301F-11D3-BF4B-00C04F79EFBC}") = "CleanArchMVC.Application", "CleanArchMVC.Application\CleanArchMVC.Application.csproj", "{0FD3BE88-A582-4BF2-8256-4FD18349A363}"
EndProject
Project("{FAE04EC0-301F-11D3-BF4B-00C04F79EFBC}") = "CleanArchMVC.Infra.Data", "CleanArchMVC.Infra.Data\CleanArchMVC.Infra.Data.csproj", "{DAF75F87-B405-4F19-AEC4-9F5C33F1A1E2}"
EndProject
Global
	GlobalSection(SolutionConfigurationPlatforms) = preSolution
		Debug|Any CPU = Debug|Any CPU
		Release|Any CPU = Release|Any CPU
	EndGlobalSection
	GlobalSection(ProjectConfigurationPlatforms) = postSolution
		{5F6BB2D6-77EA-48C2-A87E-93D3B3FAC046}.Debug|Any CPU.ActiveCfg = Debug|Any CPU
		{5F6BB2D6-77EA-48C2-A87E-93D3B3FAC046}.Debug|Any CPU.Build.0 = Debug|Any CPU
		{5F6BB2D6-77EA-48C2-A87E-93D3B3FAC046}.Release|Any CPU.ActiveCfg = Release|Any CPU
		{5F6BB2D6-77EA-48C2-A87E-93D3B3FAC046}.Release|Any CPU.Build.0 = Release|Any CPU
		{0FD3BE88-A582-4BF2-8256-4FD18349A363}.Debug|Any CPU.ActiveCfg = Debug|Any CPU
		{0FD3BE88-A582-4BF2-8256-4FD18349A363}.Debug|Any CPU.Build.0 = Debug|Any CPU
		{0FD3BE88-A582-4BF2-8256-4FD18349A363}.Release|Any CPU.ActiveCfg = Release|Any CPU
		{0FD3BE88-A582-4BF2-8256-4FD18349A363}.Release|Any CPU.Build.0 = Release|Any CPU
		{DAF75F87-B405-4F19-AEC4-9F5C33F1A1E2}.Debug|Any CPU.ActiveCfg = Debug|Any CPU
		{DAF75F87-B405-4F19-AEC4-9F5C33F1A1E2}.Debug|Any CPU.Build.0 = Debug|Any CPU
		{DAF75F87-B405-4F19-AEC4-9F5C33F1A1E2}.Release|Any CPU.ActiveCfg = Release|Any CPU
		{DAF75F87-B405-4F19-AEC4-9F5C33F1A1E2}.Release|Any CPU.Build.0 = Release|Any CPU
	EndGlobalSection
	GlobalSection(SolutionProperties) = preSolution
		HideSolutionNode = FALSE
	EndGlobalSection
	GlobalSection(ExtensibilityGlobals) = postSolution
		SolutionGuid = {DA0801AC-4B34-4144-9029-AD6D261F0BC9}
	EndGlobalSection
EndGlobal
